{
  "lockfile_version": "1",
  "packages": {
    "temurin-bin-21@latest": {
      "last_modified": "2024-10-13T23:44:06Z",
      "resolved": "github:NixOS/nixpkgs/d4f247e89f6e10120f911e2e2d2254a050d0f732#temurin-bin-21",
      "source": "devbox-search",
      "version": "21.0.3",
      "systems": {
        "aarch64-darwin": {
          "outputs": [
            {
              "name": "out",
              "path": "/nix/store/wdbp9cv8i0m2z83wr2q7ppbkhi4djckp-temurin-bin-21.0.3",
              "default": true
            }
          ],
          "store_path": "/nix/store/wdbp9cv8i0m2z83wr2q7ppbkhi4djckp-temurin-bin-21.0.3"
        },
        "aarch64-linux": {
          "outputs": [
            {
              "name": "out",
              "path": "/nix/store/9njfyb8kz0r3260wgc8scmrlrhzji43d-temurin-bin-21.0.3",
              "default": true
            }
          ],
          "store_path": "/nix/store/9njfyb8kz0r3260wgc8scmrlrhzji43d-temurin-bin-21.0.3"
        },
        "x86_64-darwin": {
          "outputs": [
            {
              "name": "out",
              "path": "/nix/store/nnyaa0aznldmz68zkjx9zihmpngkvbgk-temurin-bin-21.0.3",
              "default": true
            }
          ],
          "store_path": "/nix/store/nnyaa0aznldmz68zkjx9zihmpngkvbgk-temurin-bin-21.0.3"
        },
        "x86_64-linux": {
          "outputs": [
            {
              "name": "out",
              "path": "/nix/store/kwjvpnrx6npi594r8v78fjkdjqa1dpmm-temurin-bin-21.0.3",
              "default": true
            }
          ],
          "store_path": "/nix/store/kwjvpnrx6npi594r8v78fjkdjqa1dpmm-temurin-bin-21.0.3"
        }
      }
    }
  }
}
